// !$*UTF8*$!
{
	archiveVersion = 1;
	classes = {
	};
	objectVersion = 46;
	objects = {

/* Begin PBXBuildFile section */
		50E97E3D1BF29D93008143D5 /* Storyboard.storyboard in Resources */ = {isa = PBXBuildFile; fileRef = 50E97E3C1BF29D93008143D5 /* Storyboard.storyboard */; };
		50E97E3F1BF2A14B008143D5 /* LoginViewController.swift in Sources */ = {isa = PBXBuildFile; fileRef = 50E97E3E1BF2A14B008143D5 /* LoginViewController.swift */; };
		50E97E411BF333B5008143D5 /* MainViewController.swift in Sources */ = {isa = PBXBuildFile; fileRef = 50E97E401BF333B5008143D5 /* MainViewController.swift */; };
		50E97E431BF33D60008143D5 /* UserProfile.swift in Sources */ = {isa = PBXBuildFile; fileRef = 50E97E421BF33D60008143D5 /* UserProfile.swift */; };
		50E97E461BF341BF008143D5 /* FriendCollectionViewCell.swift in Sources */ = {isa = PBXBuildFile; fileRef = 50E97E451BF341BF008143D5 /* FriendCollectionViewCell.swift */; };
		50E97E4B1BF38A8F008143D5 /* background.jpg in Resources */ = {isa = PBXBuildFile; fileRef = 50E97E4A1BF38A8F008143D5 /* background.jpg */; };
		50E97E4D1BF38F36008143D5 /* autumn.jpg in Resources */ = {isa = PBXBuildFile; fileRef = 50E97E4C1BF38F36008143D5 /* autumn.jpg */; };
		50E97E501BF3907F008143D5 /* Config.swift in Sources */ = {isa = PBXBuildFile; fileRef = 50E97E4F1BF3907F008143D5 /* Config.swift */; };
		50E97E521BF397DA008143D5 /* UserDetailsViewController.swift in Sources */ = {isa = PBXBuildFile; fileRef = 50E97E511BF397DA008143D5 /* UserDetailsViewController.swift */; };
		50FCD0B31BEE426D001A7BC0 /* AppDelegate.swift in Sources */ = {isa = PBXBuildFile; fileRef = 50FCD0B21BEE426D001A7BC0 /* AppDelegate.swift */; };
		50FCD0B51BEE426D001A7BC0 /* ViewController.swift in Sources */ = {isa = PBXBuildFile; fileRef = 50FCD0B41BEE426D001A7BC0 /* ViewController.swift */; };
		50FCD0B81BEE426D001A7BC0 /* Main.storyboard in Resources */ = {isa = PBXBuildFile; fileRef = 50FCD0B61BEE426D001A7BC0 /* Main.storyboard */; };
		50FCD0BA1BEE426D001A7BC0 /* Assets.xcassets in Resources */ = {isa = PBXBuildFile; fileRef = 50FCD0B91BEE426D001A7BC0 /* Assets.xcassets */; };
		50FCD0BD1BEE426D001A7BC0 /* LaunchScreen.storyboard in Resources */ = {isa = PBXBuildFile; fileRef = 50FCD0BB1BEE426D001A7BC0 /* LaunchScreen.storyboard */; };
		D7169C481C16E14C0024FE4A /* ShowTableViewController.swift in Sources */ = {isa = PBXBuildFile; fileRef = D7169C471C16E14C0024FE4A /* ShowTableViewController.swift */; settings = {ASSET_TAGS = (); }; };
		D7169C4A1C16E7480024FE4A /* TripCell.swift in Sources */ = {isa = PBXBuildFile; fileRef = D7169C491C16E7480024FE4A /* TripCell.swift */; settings = {ASSET_TAGS = (); }; };
		D7169C4C1C1742530024FE4A /* TripRecord.swift in Sources */ = {isa = PBXBuildFile; fileRef = D7169C4B1C1742530024FE4A /* TripRecord.swift */; settings = {ASSET_TAGS = (); }; };
		D7169C4E1C1743A20024FE4A /* TripRecordsManager.swift in Sources */ = {isa = PBXBuildFile; fileRef = D7169C4D1C1743A20024FE4A /* TripRecordsManager.swift */; settings = {ASSET_TAGS = (); }; };
		D7169C501C17443C0024FE4A /* DataWarehouse.swift in Sources */ = {isa = PBXBuildFile; fileRef = D7169C4F1C17443C0024FE4A /* DataWarehouse.swift */; settings = {ASSET_TAGS = (); }; };
		D7169C521C174E2D0024FE4A /* AppManager.swift in Sources */ = {isa = PBXBuildFile; fileRef = D7169C511C174E2D0024FE4A /* AppManager.swift */; settings = {ASSET_TAGS = (); }; };
		D7169C541C174F3F0024FE4A /* PasswordAuthenticator.swift in Sources */ = {isa = PBXBuildFile; fileRef = D7169C531C174F3F0024FE4A /* PasswordAuthenticator.swift */; settings = {ASSET_TAGS = (); }; };
		D728D68F1C15FFDE00764A8C /* SearchViewController.swift in Sources */ = {isa = PBXBuildFile; fileRef = D728D68E1C15FFDE00764A8C /* SearchViewController.swift */; settings = {ASSET_TAGS = (); }; };
/* End PBXBuildFile section */

/* Begin PBXFileReference section */
		50E97E3C1BF29D93008143D5 /* Storyboard.storyboard */ = {isa = PBXFileReference; fileEncoding = 4; lastKnownFileType = file.storyboard; path = Storyboard.storyboard; sourceTree = "<group>"; };
		50E97E3E1BF2A14B008143D5 /* LoginViewController.swift */ = {isa = PBXFileReference; fileEncoding = 4; lastKnownFileType = sourcecode.swift; path = LoginViewController.swift; sourceTree = "<group>"; };
		50E97E401BF333B5008143D5 /* MainViewController.swift */ = {isa = PBXFileReference; fileEncoding = 4; lastKnownFileType = sourcecode.swift; path = MainViewController.swift; sourceTree = "<group>"; };
		50E97E421BF33D60008143D5 /* UserProfile.swift */ = {isa = PBXFileReference; fileEncoding = 4; lastKnownFileType = sourcecode.swift; path = UserProfile.swift; sourceTree = "<group>"; };
		50E97E451BF341BF008143D5 /* FriendCollectionViewCell.swift */ = {isa = PBXFileReference; fileEncoding = 4; lastKnownFileType = sourcecode.swift; path = FriendCollectionViewCell.swift; sourceTree = "<group>"; };
		50E97E4A1BF38A8F008143D5 /* background.jpg */ = {isa = PBXFileReference; lastKnownFileType = image.jpeg; path = background.jpg; sourceTree = "<group>"; };
		50E97E4C1BF38F36008143D5 /* autumn.jpg */ = {isa = PBXFileReference; lastKnownFileType = image.jpeg; path = autumn.jpg; sourceTree = "<group>"; };
		50E97E4F1BF3907F008143D5 /* Config.swift */ = {isa = PBXFileReference; fileEncoding = 4; lastKnownFileType = sourcecode.swift; path = Config.swift; sourceTree = "<group>"; };
		50E97E511BF397DA008143D5 /* UserDetailsViewController.swift */ = {isa = PBXFileReference; fileEncoding = 4; lastKnownFileType = sourcecode.swift; path = UserDetailsViewController.swift; sourceTree = "<group>"; };
		50FCD0AF1BEE426D001A7BC0 /* Frievel.app */ = {isa = PBXFileReference; explicitFileType = wrapper.application; includeInIndex = 0; path = Frievel.app; sourceTree = BUILT_PRODUCTS_DIR; };
		50FCD0B21BEE426D001A7BC0 /* AppDelegate.swift */ = {isa = PBXFileReference; lastKnownFileType = sourcecode.swift; path = AppDelegate.swift; sourceTree = "<group>"; };
		50FCD0B41BEE426D001A7BC0 /* ViewController.swift */ = {isa = PBXFileReference; lastKnownFileType = sourcecode.swift; path = ViewController.swift; sourceTree = "<group>"; };
		50FCD0B71BEE426D001A7BC0 /* Base */ = {isa = PBXFileReference; lastKnownFileType = file.storyboard; name = Base; path = Base.lproj/Main.storyboard; sourceTree = "<group>"; };
		50FCD0B91BEE426D001A7BC0 /* Assets.xcassets */ = {isa = PBXFileReference; lastKnownFileType = folder.assetcatalog; path = Assets.xcassets; sourceTree = "<group>"; };
		50FCD0BC1BEE426D001A7BC0 /* Base */ = {isa = PBXFileReference; lastKnownFileType = file.storyboard; name = Base; path = Base.lproj/LaunchScreen.storyboard; sourceTree = "<group>"; };
		50FCD0BE1BEE426D001A7BC0 /* Info.plist */ = {isa = PBXFileReference; lastKnownFileType = text.plist.xml; path = Info.plist; sourceTree = "<group>"; };
		D7169C471C16E14C0024FE4A /* ShowTableViewController.swift */ = {isa = PBXFileReference; fileEncoding = 4; lastKnownFileType = sourcecode.swift; path = ShowTableViewController.swift; sourceTree = "<group>"; };
		D7169C491C16E7480024FE4A /* TripCell.swift */ = {isa = PBXFileReference; fileEncoding = 4; lastKnownFileType = sourcecode.swift; path = TripCell.swift; sourceTree = "<group>"; };
		D7169C4B1C1742530024FE4A /* TripRecord.swift */ = {isa = PBXFileReference; fileEncoding = 4; lastKnownFileType = sourcecode.swift; path = TripRecord.swift; sourceTree = "<group>"; };
		D7169C4D1C1743A20024FE4A /* TripRecordsManager.swift */ = {isa = PBXFileReference; fileEncoding = 4; lastKnownFileType = sourcecode.swift; path = TripRecordsManager.swift; sourceTree = "<group>"; };
		D7169C4F1C17443C0024FE4A /* DataWarehouse.swift */ = {isa = PBXFileReference; fileEncoding = 4; lastKnownFileType = sourcecode.swift; path = DataWarehouse.swift; sourceTree = "<group>"; };
		D7169C511C174E2D0024FE4A /* AppManager.swift */ = {isa = PBXFileReference; fileEncoding = 4; lastKnownFileType = sourcecode.swift; path = AppManager.swift; sourceTree = "<group>"; };
		D7169C531C174F3F0024FE4A /* PasswordAuthenticator.swift */ = {isa = PBXFileReference; fileEncoding = 4; lastKnownFileType = sourcecode.swift; path = PasswordAuthenticator.swift; sourceTree = "<group>"; };
		D728D68E1C15FFDE00764A8C /* SearchViewController.swift */ = {isa = PBXFileReference; fileEncoding = 4; lastKnownFileType = sourcecode.swift; path = SearchViewController.swift; sourceTree = "<group>"; };
/* End PBXFileReference section */

/* Begin PBXFrameworksBuildPhase section */
		50FCD0AC1BEE426D001A7BC0 /* Frameworks */ = {
			isa = PBXFrameworksBuildPhase;
			buildActionMask = 2147483647;
			files = (
			);
			runOnlyForDeploymentPostprocessing = 0;
		};
/* End PBXFrameworksBuildPhase section */

/* Begin PBXGroup section */
		50E97E441BF341A0008143D5 /* Cells */ = {
			isa = PBXGroup;
			children = (
				D7169C491C16E7480024FE4A /* TripCell.swift */,
				50E97E451BF341BF008143D5 /* FriendCollectionViewCell.swift */,
			);
			name = Cells;
			sourceTree = "<group>";
		};
		50E97E471BF35B7B008143D5 /* Models */ = {
			isa = PBXGroup;
			children = (
				50E97E421BF33D60008143D5 /* UserProfile.swift */,
				D7169C4B1C1742530024FE4A /* TripRecord.swift */,
				D7169C4D1C1743A20024FE4A /* TripRecordsManager.swift */,
				D7169C511C174E2D0024FE4A /* AppManager.swift */,
				D7169C531C174F3F0024FE4A /* PasswordAuthenticator.swift */,
			);
			name = Models;
			sourceTree = "<group>";
		};
		50E97E481BF35B8A008143D5 /* Controllers */ = {
			isa = PBXGroup;
			children = (
				50FCD0B41BEE426D001A7BC0 /* ViewController.swift */,
				50E97E3E1BF2A14B008143D5 /* LoginViewController.swift */,
				50E97E401BF333B5008143D5 /* MainViewController.swift */,
				50E97E511BF397DA008143D5 /* UserDetailsViewController.swift */,
				D728D68E1C15FFDE00764A8C /* SearchViewController.swift */,
				D7169C471C16E14C0024FE4A /* ShowTableViewController.swift */,
			);
			name = Controllers;
			sourceTree = "<group>";
		};
		50E97E491BF38A7D008143D5 /* Images */ = {
			isa = PBXGroup;
			children = (
				50E97E4C1BF38F36008143D5 /* autumn.jpg */,
				50E97E4A1BF38A8F008143D5 /* background.jpg */,
			);
			name = Images;
			sourceTree = "<group>";
		};
		50E97E4E1BF39065008143D5 /* Helpers */ = {
			isa = PBXGroup;
			children = (
				50E97E4F1BF3907F008143D5 /* Config.swift */,
			);
			name = Helpers;
			sourceTree = "<group>";
		};
		50FCD0A61BEE426D001A7BC0 = {
			isa = PBXGroup;
			children = (
				50FCD0B11BEE426D001A7BC0 /* Frievel */,
				50FCD0B01BEE426D001A7BC0 /* Products */,
			);
			sourceTree = "<group>";
		};
		50FCD0B01BEE426D001A7BC0 /* Products */ = {
			isa = PBXGroup;
			children = (
				50FCD0AF1BEE426D001A7BC0 /* Frievel.app */,
			);
			name = Products;
			sourceTree = "<group>";
		};
		50FCD0B11BEE426D001A7BC0 /* Frievel */ = {
			isa = PBXGroup;
			children = (
				50E97E491BF38A7D008143D5 /* Images */,
				50E97E4E1BF39065008143D5 /* Helpers */,
				50E97E471BF35B7B008143D5 /* Models */,
				50E97E481BF35B8A008143D5 /* Controllers */,
				50E97E441BF341A0008143D5 /* Cells */,
				50FCD0B21BEE426D001A7BC0 /* AppDelegate.swift */,
				50FCD0B61BEE426D001A7BC0 /* Main.storyboard */,
				50E97E3C1BF29D93008143D5 /* Storyboard.storyboard */,
				50FCD0B91BEE426D001A7BC0 /* Assets.xcassets */,
				50FCD0BB1BEE426D001A7BC0 /* LaunchScreen.storyboard */,
				50FCD0BE1BEE426D001A7BC0 /* Info.plist */,
				D7169C4F1C17443C0024FE4A /* DataWarehouse.swift */,
			);
			path = Frievel;
			sourceTree = "<group>";
		};
/* End PBXGroup section */

/* Begin PBXNativeTarget section */
		50FCD0AE1BEE426D001A7BC0 /* Frievel */ = {
			isa = PBXNativeTarget;
			buildConfigurationList = 50FCD0C11BEE426D001A7BC0 /* Build configuration list for PBXNativeTarget "Frievel" */;
			buildPhases = (
				50FCD0AB1BEE426D001A7BC0 /* Sources */,
				50FCD0AC1BEE426D001A7BC0 /* Frameworks */,
				50FCD0AD1BEE426D001A7BC0 /* Resources */,
			);
			buildRules = (
			);
			dependencies = (
			);
			name = Frievel;
			productName = Frievel;
			productReference = 50FCD0AF1BEE426D001A7BC0 /* Frievel.app */;
			productType = "com.apple.product-type.application";
		};
/* End PBXNativeTarget section */

/* Begin PBXProject section */
		50FCD0A71BEE426D001A7BC0 /* Project object */ = {
			isa = PBXProject;
			attributes = {
				LastSwiftUpdateCheck = 0710;
				LastUpgradeCheck = 0710;
				ORGANIZATIONNAME = "Maxim Galayko";
				TargetAttributes = {
					50FCD0AE1BEE426D001A7BC0 = {
						CreatedOnToolsVersion = 7.1;
						DevelopmentTeam = WMA3A6XZWW;
					};
				};
			};
			buildConfigurationList = 50FCD0AA1BEE426D001A7BC0 /* Build configuration list for PBXProject "Frievel" */;
			compatibilityVersion = "Xcode 3.2";
			developmentRegion = English;
			hasScannedForEncodings = 0;
			knownRegions = (
				en,
				Base,
			);
			mainGroup = 50FCD0A61BEE426D001A7BC0;
			productRefGroup = 50FCD0B01BEE426D001A7BC0 /* Products */;
			projectDirPath = "";
			projectRoot = "";
			targets = (
				50FCD0AE1BEE426D001A7BC0 /* Frievel */,
			);
		};
/* End PBXProject section */

/* Begin PBXResourcesBuildPhase section */
		50FCD0AD1BEE426D001A7BC0 /* Resources */ = {
			isa = PBXResourcesBuildPhase;
			buildActionMask = 2147483647;
			files = (
				50FCD0BD1BEE426D001A7BC0 /* LaunchScreen.storyboard in Resources */,
				50E97E3D1BF29D93008143D5 /* Storyboard.storyboard in Resources */,
				50E97E4B1BF38A8F008143D5 /* background.jpg in Resources */,
				50FCD0BA1BEE426D001A7BC0 /* Assets.xcassets in Resources */,
				50E97E4D1BF38F36008143D5 /* autumn.jpg in Resources */,
				50FCD0B81BEE426D001A7BC0 /* Main.storyboard in Resources */,
			);
			runOnlyForDeploymentPostprocessing = 0;
		};
/* End PBXResourcesBuildPhase section */

/* Begin PBXSourcesBuildPhase section */
		50FCD0AB1BEE426D001A7BC0 /* Sources */ = {
			isa = PBXSourcesBuildPhase;
			buildActionMask = 2147483647;
			files = (
				D7169C4C1C1742530024FE4A /* TripRecord.swift in Sources */,
				D7169C4E1C1743A20024FE4A /* TripRecordsManager.swift in Sources */,
				50E97E461BF341BF008143D5 /* FriendCollectionViewCell.swift in Sources */,
				50E97E3F1BF2A14B008143D5 /* LoginViewController.swift in Sources */,
				D7169C541C174F3F0024FE4A /* PasswordAuthenticator.swift in Sources */,
				50FCD0B51BEE426D001A7BC0 /* ViewController.swift in Sources */,
				D728D68F1C15FFDE00764A8C /* SearchViewController.swift in Sources */,
				D7169C521C174E2D0024FE4A /* AppManager.swift in Sources */,
				D7169C481C16E14C0024FE4A /* ShowTableViewController.swift in Sources */,
				D7169C4A1C16E7480024FE4A /* TripCell.swift in Sources */,
				50E97E501BF3907F008143D5 /* Config.swift in Sources */,
				D7169C501C17443C0024FE4A /* DataWarehouse.swift in Sources */,
				50E97E431BF33D60008143D5 /* UserProfile.swift in Sources */,
				50FCD0B31BEE426D001A7BC0 /* AppDelegate.swift in Sources */,
				50E97E521BF397DA008143D5 /* UserDetailsViewController.swift in Sources */,
				50E97E411BF333B5008143D5 /* MainViewController.swift in Sources */,
			);
			runOnlyForDeploymentPostprocessing = 0;
		};
/* End PBXSourcesBuildPhase section */

/* Begin PBXVariantGroup section */
		50FCD0B61BEE426D001A7BC0 /* Main.storyboard */ = {
			isa = PBXVariantGroup;
			children = (
				50FCD0B71BEE426D001A7BC0 /* Base */,
			);
			name = Main.storyboard;
			sourceTree = "<group>";
		};
		50FCD0BB1BEE426D001A7BC0 /* LaunchScreen.storyboard */ = {
			isa = PBXVariantGroup;
			children = (
				50FCD0BC1BEE426D001A7BC0 /* Base */,
			);
			name = LaunchScreen.storyboard;
			sourceTree = "<group>";
		};
/* End PBXVariantGroup section */

/* Begin XCBuildConfiguration section */
		50FCD0BF1BEE426D001A7BC0 /* Debug */ = {
			isa = XCBuildConfiguration;
			buildSettings = {
				ALWAYS_SEARCH_USER_PATHS = NO;
				CLANG_CXX_LANGUAGE_STANDARD = "gnu++0x";
				CLANG_CXX_LIBRARY = "libc++";
				CLANG_ENABLE_MODULES = YES;
				CLANG_ENABLE_OBJC_ARC = YES;
				CLANG_WARN_BOOL_CONVERSION = YES;
				CLANG_WARN_CONSTANT_CONVERSION = YES;
				CLANG_WARN_DIRECT_OBJC_ISA_USAGE = YES_ERROR;
				CLANG_WARN_EMPTY_BODY = YES;
				CLANG_WARN_ENUM_CONVERSION = YES;
				CLANG_WARN_INT_CONVERSION = YES;
				CLANG_WARN_OBJC_ROOT_CLASS = YES_ERROR;
				CLANG_WARN_UNREACHABLE_CODE = YES;
				CLANG_WARN__DUPLICATE_METHOD_MATCH = YES;
				"CODE_SIGN_IDENTITY[sdk=iphoneos*]" = "iPhone Developer";
				COPY_PHASE_STRIP = NO;
				DEBUG_INFORMATION_FORMAT = dwarf;
				ENABLE_STRICT_OBJC_MSGSEND = YES;
				ENABLE_TESTABILITY = YES;
				GCC_C_LANGUAGE_STANDARD = gnu99;
				GCC_DYNAMIC_NO_PIC = NO;
				GCC_NO_COMMON_BLOCKS = YES;
				GCC_OPTIMIZATION_LEVEL = 0;
				GCC_PREPROCESSOR_DEFINITIONS = (
					"DEBUG=1",
					"$(inherited)",
				);
				GCC_WARN_64_TO_32_BIT_CONVERSION = YES;
				GCC_WARN_ABOUT_RETURN_TYPE = YES_ERROR;
				GCC_WARN_UNDECLARED_SELECTOR = YES;
				GCC_WARN_UNINITIALIZED_AUTOS = YES_AGGRESSIVE;
				GCC_WARN_UNUSED_FUNCTION = YES;
				GCC_WARN_UNUSED_VARIABLE = YES;
				IPHONEOS_DEPLOYMENT_TARGET = 9.1;
				MTL_ENABLE_DEBUG_INFO = YES;
				ONLY_ACTIVE_ARCH = YES;
				SDKROOT = iphoneos;
				SWIFT_OPTIMIZATION_LEVEL = "-Onone";
				TARGETED_DEVICE_FAMILY = "1,2";
			};
			name = Debug;
		};
		50FCD0C01BEE426D001A7BC0 /* Release */ = {
			isa = XCBuildConfiguration;
			buildSettings = {
				ALWAYS_SEARCH_USER_PATHS = NO;
				CLANG_CXX_LANGUAGE_STANDARD = "gnu++0x";
				CLANG_CXX_LIBRARY = "libc++";
				CLANG_ENABLE_MODULES = YES;
				CLANG_ENABLE_OBJC_ARC = YES;
				CLANG_WARN_BOOL_CONVERSION = YES;
				CLANG_WARN_CONSTANT_CONVERSION = YES;
				CLANG_WARN_DIRECT_OBJC_ISA_USAGE = YES_ERROR;
				CLANG_WARN_EMPTY_BODY = YES;
				CLANG_WARN_ENUM_CONVERSION = YES;
				CLANG_WARN_INT_CONVERSION = YES;
				CLANG_WARN_OBJC_ROOT_CLASS = YES_ERROR;
				CLANG_WARN_UNREACHABLE_CODE = YES;
				CLANG_WARN__DUPLICATE_METHOD_MATCH = YES;
				"CODE_SIGN_IDENTITY[sdk=iphoneos*]" = "iPhone Developer";
				COPY_PHASE_STRIP = NO;
				DEBUG_INFORMATION_FORMAT = "dwarf-with-dsym";
				ENABLE_NS_ASSERTIONS = NO;
				ENABLE_STRICT_OBJC_MSGSEND = YES;
				GCC_C_LANGUAGE_STANDARD = gnu99;
				GCC_NO_COMMON_BLOCKS = YES;
				GCC_WARN_64_TO_32_BIT_CONVERSION = YES;
				GCC_WARN_ABOUT_RETURN_TYPE = YES_ERROR;
				GCC_WARN_UNDECLARED_SELECTOR = YES;
				GCC_WARN_UNINITIALIZED_AUTOS = YES_AGGRESSIVE;
				GCC_WARN_UNUSED_FUNCTION = YES;
				GCC_WARN_UNUSED_VARIABLE = YES;
				IPHONEOS_DEPLOYMENT_TARGET = 9.1;
				MTL_ENABLE_DEBUG_INFO = NO;
				SDKROOT = iphoneos;
				TARGETED_DEVICE_FAMILY = "1,2";
				VALIDATE_PRODUCT = YES;
			};
			name = Release;
		};
		50FCD0C21BEE426D001A7BC0 /* Debug */ = {
			isa = XCBuildConfiguration;
			buildSettings = {
				ASSETCATALOG_COMPILER_APPICON_NAME = AppIcon;
				CODE_SIGN_IDENTITY = "iPhone Developer";
				INFOPLIST_FILE = Frievel/Info.plist;
				IPHONEOS_DEPLOYMENT_TARGET = 9.0;
				LD_RUNPATH_SEARCH_PATHS = "$(inherited) @executable_path/Frameworks";
				PRODUCT_BUNDLE_IDENTIFIER = AG.Frievel;
				PRODUCT_NAME = "$(TARGET_NAME)";
				TARGETED_DEVICE_FAMILY = 1;
			};
			name = Debug;
		};
		50FCD0C31BEE426D001A7BC0 /* Release */ = {
			isa = XCBuildConfiguration;
			buildSettings = {
				ASSETCATALOG_COMPILER_APPICON_NAME = AppIcon;
				CODE_SIGN_IDENTITY = "iPhone Developer";
				INFOPLIST_FILE = Frievel/Info.plist;
				IPHONEOS_DEPLOYMENT_TARGET = 9.0;
				LD_RUNPATH_SEARCH_PATHS = "$(inherited) @executable_path/Frameworks";
				PRODUCT_BUNDLE_IDENTIFIER = AG.Frievel;
				PRODUCT_NAME = "$(TARGET_NAME)";
				TARGETED_DEVICE_FAMILY = 1;
			};
			name = Release;
		};
/* End XCBuildConfiguration section */

/* Begin XCConfigurationList section */
		50FCD0AA1BEE426D001A7BC0 /* Build configuration list for PBXProject "Frievel" */ = {
			isa = XCConfigurationList;
			buildConfigurations = (
				50FCD0BF1BEE426D001A7BC0 /* Debug */,
				50FCD0C01BEE426D001A7BC0 /* Release */,
			);
			defaultConfigurationIsVisible = 0;
			defaultConfigurationName = Release;
		};
		50FCD0C11BEE426D001A7BC0 /* Build configuration list for PBXNativeTarget "Frievel" */ = {
			isa = XCConfigurationList;
			buildConfigurations = (
				50FCD0C21BEE426D001A7BC0 /* Debug */,
				50FCD0C31BEE426D001A7BC0 /* Release */,
			);
			defaultConfigurationIsVisible = 0;
			defaultConfigurationName = Release;
		};
/* End XCConfigurationList section */
	};
	rootObject = 50FCD0A71BEE426D001A7BC0 /* Project object */;
}
